
Microsoft Visual Studio Solution File, Format Version 12.00
# Visual Studio Version 17
VisualStudioVersion = 17.7.34024.191
MinimumVisualStudioVersion = 10.0.40219.1
Project("{9A19103F-16F7-4668-BE54-9A1E7A4F7556}") = "WebApi", "WebApi\WebApi.csproj", "{9878805A-3D86-4188-867F-334F4F78D224}"
EndProject
Project("{9A19103F-16F7-4668-BE54-9A1E7A4F7556}") = "Business", "Business\Business.csproj", "{66A03F34-7F70-4067-A061-9C625E5BD9F2}"
EndProject
Project("{9A19103F-16F7-4668-BE54-9A1E7A4F7556}") = "Entities", "Entities\Entities.csproj", "{FB1DA8A4-3E17-4412-AC2C-88B06B7A3259}"
EndProject
Project("{9A19103F-16F7-4668-BE54-9A1E7A4F7556}") = "DataAccess", "DataAccess\DataAccess.csproj", "{6BBBBF07-8EED-419B-B17A-A2E01BD22795}"
EndProject
Project("{9A19103F-16F7-4668-BE54-9A1E7A4F7556}") = "Core", "Core\Core.csproj", "{3D525254-4C85-444C-A329-DCB23ADB3359}"
EndProject
Global
	GlobalSection(SolutionConfigurationPlatforms) = preSolution
		Debug|Any CPU = Debug|Any CPU
		Release|Any CPU = Release|Any CPU
	EndGlobalSection
	GlobalSection(ProjectConfigurationPlatforms) = postSolution
		{9878805A-3D86-4188-867F-334F4F78D224}.Debug|Any CPU.ActiveCfg = Debug|Any CPU
		{9878805A-3D86-4188-867F-334F4F78D224}.Debug|Any CPU.Build.0 = Debug|Any CPU
		{9878805A-3D86-4188-867F-334F4F78D224}.Release|Any CPU.ActiveCfg = Release|Any CPU
		{9878805A-3D86-4188-867F-334F4F78D224}.Release|Any CPU.Build.0 = Release|Any CPU
		{66A03F34-7F70-4067-A061-9C625E5BD9F2}.Debug|Any CPU.ActiveCfg = Debug|Any CPU
		{66A03F34-7F70-4067-A061-9C625E5BD9F2}.Debug|Any CPU.Build.0 = Debug|Any CPU
		{66A03F34-7F70-4067-A061-9C625E5BD9F2}.Release|Any CPU.ActiveCfg = Release|Any CPU
		{66A03F34-7F70-4067-A061-9C625E5BD9F2}.Release|Any CPU.Build.0 = Release|Any CPU
		{FB1DA8A4-3E17-4412-AC2C-88B06B7A3259}.Debug|Any CPU.ActiveCfg = Debug|Any CPU
		{FB1DA8A4-3E17-4412-AC2C-88B06B7A3259}.Debug|Any CPU.Build.0 = Debug|Any CPU
		{FB1DA8A4-3E17-4412-AC2C-88B06B7A3259}.Release|Any CPU.ActiveCfg = Release|Any CPU
		{FB1DA8A4-3E17-4412-AC2C-88B06B7A3259}.Release|Any CPU.Build.0 = Release|Any CPU
		{6BBBBF07-8EED-419B-B17A-A2E01BD22795}.Debug|Any CPU.ActiveCfg = Debug|Any CPU
		{6BBBBF07-8EED-419B-B17A-A2E01BD22795}.Debug|Any CPU.Build.0 = Debug|Any CPU
		{6BBBBF07-8EED-419B-B17A-A2E01BD22795}.Release|Any CPU.ActiveCfg = Release|Any CPU
		{6BBBBF07-8EED-419B-B17A-A2E01BD22795}.Release|Any CPU.Build.0 = Release|Any CPU
		{3D525254-4C85-444C-A329-DCB23ADB3359}.Debug|Any CPU.ActiveCfg = Debug|Any CPU
		{3D525254-4C85-444C-A329-DCB23ADB3359}.Debug|Any CPU.Build.0 = Debug|Any CPU
		{3D525254-4C85-444C-A329-DCB23ADB3359}.Release|Any CPU.ActiveCfg = Release|Any CPU
		{3D525254-4C85-444C-A329-DCB23ADB3359}.Release|Any CPU.Build.0 = Release|Any CPU
	EndGlobalSection
	GlobalSection(SolutionProperties) = preSolution
		HideSolutionNode = FALSE
	EndGlobalSection
	GlobalSection(ExtensibilityGlobals) = postSolution
		SolutionGuid = {E7DE2E19-0D96-467A-9D91-01C4F3F0A025}
	EndGlobalSection
EndGlobal
